// !$*UTF8*$!
{
	archiveVersion = 1;
	classes = {
	};
	objectVersion = 46;
	objects = {

/* Begin PBXBuildFile section */
		B4EB53001B031ABA0074AF7C /* AppDelegate.swift in Sources */ = {isa = PBXBuildFile; fileRef = B4EB52FF1B031ABA0074AF7C /* AppDelegate.swift */; };
		B4EB53021B031ABA0074AF7C /* ViewController.swift in Sources */ = {isa = PBXBuildFile; fileRef = B4EB53011B031ABA0074AF7C /* ViewController.swift */; };
		B4EB53051B031ABA0074AF7C /* Main.storyboard in Resources */ = {isa = PBXBuildFile; fileRef = B4EB53031B031ABA0074AF7C /* Main.storyboard */; };
		B4EB53071B031ABA0074AF7C /* Images.xcassets in Resources */ = {isa = PBXBuildFile; fileRef = B4EB53061B031ABA0074AF7C /* Images.xcassets */; };
		B4EB530A1B031ABA0074AF7C /* LaunchScreen.xib in Resources */ = {isa = PBXBuildFile; fileRef = B4EB53081B031ABA0074AF7C /* LaunchScreen.xib */; };
		B4EB53161B031ABA0074AF7C /* APExpandableTableViewSampleProjectTests.swift in Sources */ = {isa = PBXBuildFile; fileRef = B4EB53151B031ABA0074AF7C /* APExpandableTableViewSampleProjectTests.swift */; };
		B4EB53211B031B090074AF7C /* APExpandableTableView.swift in Sources */ = {isa = PBXBuildFile; fileRef = B4EB53201B031B090074AF7C /* APExpandableTableView.swift */; };
		B4EB53231B031F120074AF7C /* APExpandableTableViewChildTableView.swift in Sources */ = {isa = PBXBuildFile; fileRef = B4EB53221B031F120074AF7C /* APExpandableTableViewChildTableView.swift */; };
		B4EB53251B0320630074AF7C /* APExpandableTableViewGroupCell.swift in Sources */ = {isa = PBXBuildFile; fileRef = B4EB53241B0320630074AF7C /* APExpandableTableViewGroupCell.swift */; };
		B4EB53271B0320B70074AF7C /* APExpandableTableViewConstants.swift in Sources */ = {isa = PBXBuildFile; fileRef = B4EB53261B0320B70074AF7C /* APExpandableTableViewConstants.swift */; };
		B4EB53291B03B9730074AF7C /* APExpandableTableViewDelegate.swift in Sources */ = {isa = PBXBuildFile; fileRef = B4EB53281B03B9730074AF7C /* APExpandableTableViewDelegate.swift */; };
/* End PBXBuildFile section */

/* Begin PBXContainerItemProxy section */
		B4EB53101B031ABA0074AF7C /* PBXContainerItemProxy */ = {
			isa = PBXContainerItemProxy;
			containerPortal = B4EB52F21B031ABA0074AF7C /* Project object */;
			proxyType = 1;
			remoteGlobalIDString = B4EB52F91B031ABA0074AF7C;
			remoteInfo = APExpandableTableViewSampleProject;
		};
/* End PBXContainerItemProxy section */

/* Begin PBXFileReference section */
		B4EB52FA1B031ABA0074AF7C /* APExpandableTableViewSampleProject.app */ = {isa = PBXFileReference; explicitFileType = wrapper.application; includeInIndex = 0; path = APExpandableTableViewSampleProject.app; sourceTree = BUILT_PRODUCTS_DIR; };
		B4EB52FE1B031ABA0074AF7C /* Info.plist */ = {isa = PBXFileReference; lastKnownFileType = text.plist.xml; path = Info.plist; sourceTree = "<group>"; };
		B4EB52FF1B031ABA0074AF7C /* AppDelegate.swift */ = {isa = PBXFileReference; lastKnownFileType = sourcecode.swift; path = AppDelegate.swift; sourceTree = "<group>"; };
		B4EB53011B031ABA0074AF7C /* ViewController.swift */ = {isa = PBXFileReference; lastKnownFileType = sourcecode.swift; path = ViewController.swift; sourceTree = "<group>"; };
		B4EB53041B031ABA0074AF7C /* Base */ = {isa = PBXFileReference; lastKnownFileType = file.storyboard; name = Base; path = Base.lproj/Main.storyboard; sourceTree = "<group>"; };
		B4EB53061B031ABA0074AF7C /* Images.xcassets */ = {isa = PBXFileReference; lastKnownFileType = folder.assetcatalog; path = Images.xcassets; sourceTree = "<group>"; };
		B4EB53091B031ABA0074AF7C /* Base */ = {isa = PBXFileReference; lastKnownFileType = file.xib; name = Base; path = Base.lproj/LaunchScreen.xib; sourceTree = "<group>"; };
		B4EB530F1B031ABA0074AF7C /* APExpandableTableViewSampleProjectTests.xctest */ = {isa = PBXFileReference; explicitFileType = wrapper.cfbundle; includeInIndex = 0; path = APExpandableTableViewSampleProjectTests.xctest; sourceTree = BUILT_PRODUCTS_DIR; };
		B4EB53141B031ABA0074AF7C /* Info.plist */ = {isa = PBXFileReference; lastKnownFileType = text.plist.xml; path = Info.plist; sourceTree = "<group>"; };
		B4EB53151B031ABA0074AF7C /* APExpandableTableViewSampleProjectTests.swift */ = {isa = PBXFileReference; lastKnownFileType = sourcecode.swift; path = APExpandableTableViewSampleProjectTests.swift; sourceTree = "<group>"; };
		B4EB53201B031B090074AF7C /* APExpandableTableView.swift */ = {isa = PBXFileReference; fileEncoding = 4; lastKnownFileType = sourcecode.swift; name = APExpandableTableView.swift; path = APExpandableTableView/APExpandableTableView.swift; sourceTree = "<group>"; };
		B4EB53221B031F120074AF7C /* APExpandableTableViewChildTableView.swift */ = {isa = PBXFileReference; fileEncoding = 4; lastKnownFileType = sourcecode.swift; name = APExpandableTableViewChildTableView.swift; path = APExpandableTableView/APExpandableTableViewChildTableView.swift; sourceTree = "<group>"; };
		B4EB53241B0320630074AF7C /* APExpandableTableViewGroupCell.swift */ = {isa = PBXFileReference; fileEncoding = 4; lastKnownFileType = sourcecode.swift; name = APExpandableTableViewGroupCell.swift; path = APExpandableTableView/APExpandableTableViewGroupCell.swift; sourceTree = "<group>"; };
		B4EB53261B0320B70074AF7C /* APExpandableTableViewConstants.swift */ = {isa = PBXFileReference; fileEncoding = 4; lastKnownFileType = sourcecode.swift; name = APExpandableTableViewConstants.swift; path = APExpandableTableView/APExpandableTableViewConstants.swift; sourceTree = "<group>"; };
		B4EB53281B03B9730074AF7C /* APExpandableTableViewDelegate.swift */ = {isa = PBXFileReference; fileEncoding = 4; lastKnownFileType = sourcecode.swift; name = APExpandableTableViewDelegate.swift; path = APExpandableTableView/APExpandableTableViewDelegate.swift; sourceTree = "<group>"; };
/* End PBXFileReference section */

/* Begin PBXFrameworksBuildPhase section */
		B4EB52F71B031ABA0074AF7C /* Frameworks */ = {
			isa = PBXFrameworksBuildPhase;
			buildActionMask = 2147483647;
			files = (
			);
			runOnlyForDeploymentPostprocessing = 0;
		};
		B4EB530C1B031ABA0074AF7C /* Frameworks */ = {
			isa = PBXFrameworksBuildPhase;
			buildActionMask = 2147483647;
			files = (
			);
			runOnlyForDeploymentPostprocessing = 0;
		};
/* End PBXFrameworksBuildPhase section */

/* Begin PBXGroup section */
		B4EB52F11B031ABA0074AF7C = {
			isa = PBXGroup;
			children = (
				B4EB52FC1B031ABA0074AF7C /* APExpandableTableViewSampleProject */,
				B4EB53121B031ABA0074AF7C /* APExpandableTableViewSampleProjectTests */,
				B4EB52FB1B031ABA0074AF7C /* Products */,
			);
			sourceTree = "<group>";
		};
		B4EB52FB1B031ABA0074AF7C /* Products */ = {
			isa = PBXGroup;
			children = (
				B4EB52FA1B031ABA0074AF7C /* APExpandableTableViewSampleProject.app */,
				B4EB530F1B031ABA0074AF7C /* APExpandableTableViewSampleProjectTests.xctest */,
			);
			name = Products;
			sourceTree = "<group>";
		};
		B4EB52FC1B031ABA0074AF7C /* APExpandableTableViewSampleProject */ = {
			isa = PBXGroup;
			children = (
				B4EB531F1B031ADF0074AF7C /* APExpandableTableView */,
				B4EB52FF1B031ABA0074AF7C /* AppDelegate.swift */,
				B4EB53011B031ABA0074AF7C /* ViewController.swift */,
				B4EB53031B031ABA0074AF7C /* Main.storyboard */,
				B4EB53061B031ABA0074AF7C /* Images.xcassets */,
				B4EB53081B031ABA0074AF7C /* LaunchScreen.xib */,
				B4EB52FD1B031ABA0074AF7C /* Supporting Files */,
			);
			path = APExpandableTableViewSampleProject;
			sourceTree = "<group>";
		};
		B4EB52FD1B031ABA0074AF7C /* Supporting Files */ = {
			isa = PBXGroup;
			children = (
				B4EB52FE1B031ABA0074AF7C /* Info.plist */,
			);
			name = "Supporting Files";
			sourceTree = "<group>";
		};
		B4EB53121B031ABA0074AF7C /* APExpandableTableViewSampleProjectTests */ = {
			isa = PBXGroup;
			children = (
				B4EB53151B031ABA0074AF7C /* APExpandableTableViewSampleProjectTests.swift */,
				B4EB53131B031ABA0074AF7C /* Supporting Files */,
			);
			path = APExpandableTableViewSampleProjectTests;
			sourceTree = "<group>";
		};
		B4EB53131B031ABA0074AF7C /* Supporting Files */ = {
			isa = PBXGroup;
			children = (
				B4EB53141B031ABA0074AF7C /* Info.plist */,
			);
			name = "Supporting Files";
			sourceTree = "<group>";
		};
		B4EB531F1B031ADF0074AF7C /* APExpandableTableView */ = {
			isa = PBXGroup;
			children = (
				B4EB53201B031B090074AF7C /* APExpandableTableView.swift */,
				B4EB53221B031F120074AF7C /* APExpandableTableViewChildTableView.swift */,
				B4EB53241B0320630074AF7C /* APExpandableTableViewGroupCell.swift */,
				B4EB53261B0320B70074AF7C /* APExpandableTableViewConstants.swift */,
				B4EB53281B03B9730074AF7C /* APExpandableTableViewDelegate.swift */,
			);
			name = APExpandableTableView;
			sourceTree = "<group>";
		};
/* End PBXGroup section */

/* Begin PBXNativeTarget section */
		B4EB52F91B031ABA0074AF7C /* APExpandableTableViewSampleProject */ = {
			isa = PBXNativeTarget;
			buildConfigurationList = B4EB53191B031ABA0074AF7C /* Build configuration list for PBXNativeTarget "APExpandableTableViewSampleProject" */;
			buildPhases = (
				B4EB52F61B031ABA0074AF7C /* Sources */,
				B4EB52F71B031ABA0074AF7C /* Frameworks */,
				B4EB52F81B031ABA0074AF7C /* Resources */,
			);
			buildRules = (
			);
			dependencies = (
			);
			name = APExpandableTableViewSampleProject;
			productName = APExpandableTableViewSampleProject;
			productReference = B4EB52FA1B031ABA0074AF7C /* APExpandableTableViewSampleProject.app */;
			productType = "com.apple.product-type.application";
		};
		B4EB530E1B031ABA0074AF7C /* APExpandableTableViewSampleProjectTests */ = {
			isa = PBXNativeTarget;
			buildConfigurationList = B4EB531C1B031ABA0074AF7C /* Build configuration list for PBXNativeTarget "APExpandableTableViewSampleProjectTests" */;
			buildPhases = (
				B4EB530B1B031ABA0074AF7C /* Sources */,
				B4EB530C1B031ABA0074AF7C /* Frameworks */,
				B4EB530D1B031ABA0074AF7C /* Resources */,
			);
			buildRules = (
			);
			dependencies = (
				B4EB53111B031ABA0074AF7C /* PBXTargetDependency */,
			);
			name = APExpandableTableViewSampleProjectTests;
			productName = APExpandableTableViewSampleProjectTests;
			productReference = B4EB530F1B031ABA0074AF7C /* APExpandableTableViewSampleProjectTests.xctest */;
			productType = "com.apple.product-type.bundle.unit-test";
		};
/* End PBXNativeTarget section */

/* Begin PBXProject section */
		B4EB52F21B031ABA0074AF7C /* Project object */ = {
			isa = PBXProject;
			attributes = {
				LastUpgradeCheck = 0610;
				ORGANIZATIONNAME = "Andrej Poljanec";
				TargetAttributes = {
					B4EB52F91B031ABA0074AF7C = {
						CreatedOnToolsVersion = 6.1.1;
					};
					B4EB530E1B031ABA0074AF7C = {
						CreatedOnToolsVersion = 6.1.1;
						TestTargetID = B4EB52F91B031ABA0074AF7C;
					};
				};
			};
			buildConfigurationList = B4EB52F51B031ABA0074AF7C /* Build configuration list for PBXProject "APExpandableTableViewSampleProject" */;
			compatibilityVersion = "Xcode 3.2";
			developmentRegion = English;
			hasScannedForEncodings = 0;
			knownRegions = (
				en,
				Base,
			);
			mainGroup = B4EB52F11B031ABA0074AF7C;
			productRefGroup = B4EB52FB1B031ABA0074AF7C /* Products */;
			projectDirPath = "";
			projectRoot = "";
			targets = (
				B4EB52F91B031ABA0074AF7C /* APExpandableTableViewSampleProject */,
				B4EB530E1B031ABA0074AF7C /* APExpandableTableViewSampleProjectTests */,
			);
		};
/* End PBXProject section */

/* Begin PBXResourcesBuildPhase section */
		B4EB52F81B031ABA0074AF7C /* Resources */ = {
			isa = PBXResourcesBuildPhase;
			buildActionMask = 2147483647;
			files = (
				B4EB53051B031ABA0074AF7C /* Main.storyboard in Resources */,
				B4EB530A1B031ABA0074AF7C /* LaunchScreen.xib in Resources */,
				B4EB53071B031ABA0074AF7C /* Images.xcassets in Resources */,
			);
			runOnlyForDeploymentPostprocessing = 0;
		};
		B4EB530D1B031ABA0074AF7C /* Resources */ = {
			isa = PBXResourcesBuildPhase;
			buildActionMask = 2147483647;
			files = (
			);
			runOnlyForDeploymentPostprocessing = 0;
		};
/* End PBXResourcesBuildPhase section */

/* Begin PBXSourcesBuildPhase section */
		B4EB52F61B031ABA0074AF7C /* Sources */ = {
			isa = PBXSourcesBuildPhase;
			buildActionMask = 2147483647;
			files = (
				B4EB53291B03B9730074AF7C /* APExpandableTableViewDelegate.swift in Sources */,
				B4EB53211B031B090074AF7C /* APExpandableTableView.swift in Sources */,
				B4EB53021B031ABA0074AF7C /* ViewController.swift in Sources */,
				B4EB53001B031ABA0074AF7C /* AppDelegate.swift in Sources */,
				B4EB53251B0320630074AF7C /* APExpandableTableViewGroupCell.swift in Sources */,
				B4EB53271B0320B70074AF7C /* APExpandableTableViewConstants.swift in Sources */,
				B4EB53231B031F120074AF7C /* APExpandableTableViewChildTableView.swift in Sources */,
			);
			runOnlyForDeploymentPostprocessing = 0;
		};
		B4EB530B1B031ABA0074AF7C /* Sources */ = {
			isa = PBXSourcesBuildPhase;
			buildActionMask = 2147483647;
			files = (
				B4EB53161B031ABA0074AF7C /* APExpandableTableViewSampleProjectTests.swift in Sources */,
			);
			runOnlyForDeploymentPostprocessing = 0;
		};
/* End PBXSourcesBuildPhase section */

/* Begin PBXTargetDependency section */
		B4EB53111B031ABA0074AF7C /* PBXTargetDependency */ = {
			isa = PBXTargetDependency;
			target = B4EB52F91B031ABA0074AF7C /* APExpandableTableViewSampleProject */;
			targetProxy = B4EB53101B031ABA0074AF7C /* PBXContainerItemProxy */;
		};
/* End PBXTargetDependency section */

/* Begin PBXVariantGroup section */
		B4EB53031B031ABA0074AF7C /* Main.storyboard */ = {
			isa = PBXVariantGroup;
			children = (
				B4EB53041B031ABA0074AF7C /* Base */,
			);
			name = Main.storyboard;
			sourceTree = "<group>";
		};
		B4EB53081B031ABA0074AF7C /* LaunchScreen.xib */ = {
			isa = PBXVariantGroup;
			children = (
				B4EB53091B031ABA0074AF7C /* Base */,
			);
			name = LaunchScreen.xib;
			sourceTree = "<group>";
		};
/* End PBXVariantGroup section */

/* Begin XCBuildConfiguration section */
		B4EB53171B031ABA0074AF7C /* Debug */ = {
			isa = XCBuildConfiguration;
			buildSettings = {
				ALWAYS_SEARCH_USER_PATHS = NO;
				CLANG_CXX_LANGUAGE_STANDARD = "gnu++0x";
				CLANG_CXX_LIBRARY = "libc++";
				CLANG_ENABLE_MODULES = YES;
				CLANG_ENABLE_OBJC_ARC = YES;
				CLANG_WARN_BOOL_CONVERSION = YES;
				CLANG_WARN_CONSTANT_CONVERSION = YES;
				CLANG_WARN_DIRECT_OBJC_ISA_USAGE = YES_ERROR;
				CLANG_WARN_EMPTY_BODY = YES;
				CLANG_WARN_ENUM_CONVERSION = YES;
				CLANG_WARN_INT_CONVERSION = YES;
				CLANG_WARN_OBJC_ROOT_CLASS = YES_ERROR;
				CLANG_WARN_UNREACHABLE_CODE = YES;
				CLANG_WARN__DUPLICATE_METHOD_MATCH = YES;
				"CODE_SIGN_IDENTITY[sdk=iphoneos*]" = "iPhone Developer";
				COPY_PHASE_STRIP = NO;
				ENABLE_STRICT_OBJC_MSGSEND = YES;
				GCC_C_LANGUAGE_STANDARD = gnu99;
				GCC_DYNAMIC_NO_PIC = NO;
				GCC_OPTIMIZATION_LEVEL = 0;
				GCC_PREPROCESSOR_DEFINITIONS = (
					"DEBUG=1",
					"$(inherited)",
				);
				GCC_SYMBOLS_PRIVATE_EXTERN = NO;
				GCC_WARN_64_TO_32_BIT_CONVERSION = YES;
				GCC_WARN_ABOUT_RETURN_TYPE = YES_ERROR;
				GCC_WARN_UNDECLARED_SELECTOR = YES;
				GCC_WARN_UNINITIALIZED_AUTOS = YES_AGGRESSIVE;
				GCC_WARN_UNUSED_FUNCTION = YES;
				GCC_WARN_UNUSED_VARIABLE = YES;
				IPHONEOS_DEPLOYMENT_TARGET = 8.1;
				MTL_ENABLE_DEBUG_INFO = YES;
				ONLY_ACTIVE_ARCH = YES;
				SDKROOT = iphoneos;
				SWIFT_OPTIMIZATION_LEVEL = "-Onone";
				TARGETED_DEVICE_FAMILY = "1,2";
			};
			name = Debug;
		};
		B4EB53181B031ABA0074AF7C /* Release */ = {
			isa = XCBuildConfiguration;
			buildSettings = {
				ALWAYS_SEARCH_USER_PATHS = NO;
				CLANG_CXX_LANGUAGE_STANDARD = "gnu++0x";
				CLANG_CXX_LIBRARY = "libc++";
				CLANG_ENABLE_MODULES = YES;
				CLANG_ENABLE_OBJC_ARC = YES;
				CLANG_WARN_BOOL_CONVERSION = YES;
				CLANG_WARN_CONSTANT_CONVERSION = YES;
				CLANG_WARN_DIRECT_OBJC_ISA_USAGE = YES_ERROR;
				CLANG_WARN_EMPTY_BODY = YES;
				CLANG_WARN_ENUM_CONVERSION = YES;
				CLANG_WARN_INT_CONVERSION = YES;
				CLANG_WARN_OBJC_ROOT_CLASS = YES_ERROR;
				CLANG_WARN_UNREACHABLE_CODE = YES;
				CLANG_WARN__DUPLICATE_METHOD_MATCH = YES;
				"CODE_SIGN_IDENTITY[sdk=iphoneos*]" = "iPhone Developer";
				COPY_PHASE_STRIP = YES;
				ENABLE_NS_ASSERTIONS = NO;
				ENABLE_STRICT_OBJC_MSGSEND = YES;
				GCC_C_LANGUAGE_STANDARD = gnu99;
				GCC_WARN_64_TO_32_BIT_CONVERSION = YES;
				GCC_WARN_ABOUT_RETURN_TYPE = YES_ERROR;
				GCC_WARN_UNDECLARED_SELECTOR = YES;
				GCC_WARN_UNINITIALIZED_AUTOS = YES_AGGRESSIVE;
				GCC_WARN_UNUSED_FUNCTION = YES;
				GCC_WARN_UNUSED_VARIABLE = YES;
				IPHONEOS_DEPLOYMENT_TARGET = 8.1;
				MTL_ENABLE_DEBUG_INFO = NO;
				SDKROOT = iphoneos;
				TARGETED_DEVICE_FAMILY = "1,2";
				VALIDATE_PRODUCT = YES;
			};
			name = Release;
		};
		B4EB531A1B031ABA0074AF7C /* Debug */ = {
			isa = XCBuildConfiguration;
			buildSettings = {
				ASSETCATALOG_COMPILER_APPICON_NAME = AppIcon;
				INFOPLIST_FILE = APExpandableTableViewSampleProject/Info.plist;
				LD_RUNPATH_SEARCH_PATHS = "$(inherited) @executable_path/Frameworks";
				PRODUCT_NAME = "$(TARGET_NAME)";
			};
			name = Debug;
		};
		B4EB531B1B031ABA0074AF7C /* Release */ = {
			isa = XCBuildConfiguration;
			buildSettings = {
				ASSETCATALOG_COMPILER_APPICON_NAME = AppIcon;
				INFOPLIST_FILE = APExpandableTableViewSampleProject/Info.plist;
				LD_RUNPATH_SEARCH_PATHS = "$(inherited) @executable_path/Frameworks";
				PRODUCT_NAME = "$(TARGET_NAME)";
			};
			name = Release;
		};
		B4EB531D1B031ABA0074AF7C /* Debug */ = {
			isa = XCBuildConfiguration;
			buildSettings = {
				BUNDLE_LOADER = "$(TEST_HOST)";
				FRAMEWORK_SEARCH_PATHS = (
					"$(SDKROOT)/Developer/Library/Frameworks",
					"$(inherited)",
				);
				GCC_PREPROCESSOR_DEFINITIONS = (
					"DEBUG=1",
					"$(inherited)",
				);
				INFOPLIST_FILE = APExpandableTableViewSampleProjectTests/Info.plist;
				LD_RUNPATH_SEARCH_PATHS = "$(inherited) @executable_path/Frameworks @loader_path/Frameworks";
				PRODUCT_NAME = "$(TARGET_NAME)";
				TEST_HOST = "$(BUILT_PRODUCTS_DIR)/APExpandableTableViewSampleProject.app/APExpandableTableViewSampleProject";
			};
			name = Debug;
		};
		B4EB531E1B031ABA0074AF7C /* Release */ = {
			isa = XCBuildConfiguration;
			buildSettings = {
				BUNDLE_LOADER = "$(TEST_HOST)";
				FRAMEWORK_SEARCH_PATHS = (
					"$(SDKROOT)/Developer/Library/Frameworks",
					"$(inherited)",
				);
				INFOPLIST_FILE = APExpandableTableViewSampleProjectTests/Info.plist;
				LD_RUNPATH_SEARCH_PATHS = "$(inherited) @executable_path/Frameworks @loader_path/Frameworks";
				PRODUCT_NAME = "$(TARGET_NAME)";
				TEST_HOST = "$(BUILT_PRODUCTS_DIR)/APExpandableTableViewSampleProject.app/APExpandableTableViewSampleProject";
			};
			name = Release;
		};
/* End XCBuildConfiguration section */

/* Begin XCConfigurationList section */
		B4EB52F51B031ABA0074AF7C /* Build configuration list for PBXProject "APExpandableTableViewSampleProject" */ = {
			isa = XCConfigurationList;
			buildConfigurations = (
				B4EB53171B031ABA0074AF7C /* Debug */,
				B4EB53181B031ABA0074AF7C /* Release */,
			);
			defaultConfigurationIsVisible = 0;
			defaultConfigurationName = Release;
		};
		B4EB53191B031ABA0074AF7C /* Build configuration list for PBXNativeTarget "APExpandableTableViewSampleProject" */ = {
			isa = XCConfigurationList;
			buildConfigurations = (
				B4EB531A1B031ABA0074AF7C /* Debug */,
				B4EB531B1B031ABA0074AF7C /* Release */,
			);
			defaultConfigurationIsVisible = 0;
			defaultConfigurationName = Release;
		};
		B4EB531C1B031ABA0074AF7C /* Build configuration list for PBXNativeTarget "APExpandableTableViewSampleProjectTests" */ = {
			isa = XCConfigurationList;
			buildConfigurations = (
				B4EB531D1B031ABA0074AF7C /* Debug */,
				B4EB531E1B031ABA0074AF7C /* Release */,
			);
			defaultConfigurationIsVisible = 0;
			defaultConfigurationName = Release;
		};
/* End XCConfigurationList section */
	};
	rootObject = B4EB52F21B031ABA0074AF7C /* Project object */;
}
